
Microsoft Visual Studio Solution File, Format Version 12.00
# Visual Studio Version 17
VisualStudioVersion = 17.5.33516.290
MinimumVisualStudioVersion = 10.0.40219.1
Project("{FAE04EC0-301F-11D3-BF4B-00C04F79EFBC}") = "Chess", "Chess.csproj", "{ED170D81-2681-4131-8A5A-069B94F5C36F}"
EndProject
Global
	GlobalSection(SolutionConfigurationPlatforms) = preSolution
		Debug|Any CPU = Debug|Any CPU
		Release|Any CPU = Release|Any CPU
	EndGlobalSection
	GlobalSection(ProjectConfigurationPlatforms) = postSolution
		{ED170D81-2681-4131-8A5A-069B94F5C36F}.Debug|Any CPU.ActiveCfg = Debug|Any CPU
		{ED170D81-2681-4131-8A5A-069B94F5C36F}.Debug|Any CPU.Build.0 = Debug|Any CPU
		{ED170D81-2681-4131-8A5A-069B94F5C36F}.Release|Any CPU.ActiveCfg = Release|Any CPU
		{ED170D81-2681-4131-8A5A-069B94F5C36F}.Release|Any CPU.Build.0 = Release|Any CPU
	EndGlobalSection
	GlobalSection(SolutionProperties) = preSolution
		HideSolutionNode = FALSE
	EndGlobalSection
	GlobalSection(ExtensibilityGlobals) = postSolution
		SolutionGuid = {40D774F2-2B7D-48B4-A3F7-7920E71693BB}
	EndGlobalSection
EndGlobal
